
Microsoft Visual Studio Solution File, Format Version 12.00
# Visual Studio Version 17
VisualStudioVersion = 17.0.31903.59
MinimumVisualStudioVersion = 10.0.40219.1
Project("{FAE04EC0-301F-11D3-BF4B-00C04F79EFBC}") = "Oathsunder.Simulation", "Oathsunder.Simulation\Oathsunder.Simulation.csproj", "{B8836DF8-5581-4C41-A926-2408D8C24714}"
EndProject
Project("{FAE04EC0-301F-11D3-BF4B-00C04F79EFBC}") = "Oathsunder.Simulation.Tests", "Oathsunder.Simulation.Tests\Oathsunder.Simulation.Tests.csproj", "{0CF671AA-6CC9-4AE2-AC53-806C4ECC8E1F}"
EndProject
Project("{FAE04EC0-301F-11D3-BF4B-00C04F79EFBC}") = "Oathsunder.Tools.Benchmarks", "Oathsunder.Tools.Benchmarks\Oathsunder.Tools.Benchmarks.csproj", "{86D185EE-3C61-45A0-BEA7-9EACC8DC2776}"
EndProject
Project("{FAE04EC0-301F-11D3-BF4B-00C04F79EFBC}") = "Oathsunder.Tools.FrameData", "Oathsunder.Tools.FrameData\Oathsunder.Tools.FrameData.csproj", "{0A41FA73-CEC4-4D09-9CEC-BD12AB96C714}"
EndProject
Project("{FAE04EC0-301F-11D3-BF4B-00C04F79EFBC}") = "Oathsunder.UnityCompileCheck", "Oathsunder.UnityCompileCheck\Oathsunder.UnityCompileCheck.csproj", "{C40B9236-E544-44E2-B971-D079059C950E}"
EndProject
Global
	GlobalSection(SolutionConfigurationPlatforms) = preSolution
		Debug|Any CPU = Debug|Any CPU
		Release|Any CPU = Release|Any CPU
	EndGlobalSection
	GlobalSection(SolutionProperties) = preSolution
		HideSolutionNode = FALSE
	EndGlobalSection
	GlobalSection(ProjectConfigurationPlatforms) = postSolution
		{B8836DF8-5581-4C41-A926-2408D8C24714}.Debug|Any CPU.ActiveCfg = Debug|Any CPU
		{B8836DF8-5581-4C41-A926-2408D8C24714}.Debug|Any CPU.Build.0 = Debug|Any CPU
		{B8836DF8-5581-4C41-A926-2408D8C24714}.Release|Any CPU.ActiveCfg = Release|Any CPU
		{B8836DF8-5581-4C41-A926-2408D8C24714}.Release|Any CPU.Build.0 = Release|Any CPU
		{0CF671AA-6CC9-4AE2-AC53-806C4ECC8E1F}.Debug|Any CPU.ActiveCfg = Debug|Any CPU
		{0CF671AA-6CC9-4AE2-AC53-806C4ECC8E1F}.Debug|Any CPU.Build.0 = Debug|Any CPU
		{0CF671AA-6CC9-4AE2-AC53-806C4ECC8E1F}.Release|Any CPU.ActiveCfg = Release|Any CPU
		{0CF671AA-6CC9-4AE2-AC53-806C4ECC8E1F}.Release|Any CPU.Build.0 = Release|Any CPU
		{86D185EE-3C61-45A0-BEA7-9EACC8DC2776}.Debug|Any CPU.ActiveCfg = Debug|Any CPU
		{86D185EE-3C61-45A0-BEA7-9EACC8DC2776}.Debug|Any CPU.Build.0 = Debug|Any CPU
		{86D185EE-3C61-45A0-BEA7-9EACC8DC2776}.Release|Any CPU.ActiveCfg = Release|Any CPU
		{86D185EE-3C61-45A0-BEA7-9EACC8DC2776}.Release|Any CPU.Build.0 = Release|Any CPU
		{0A41FA73-CEC4-4D09-9CEC-BD12AB96C714}.Debug|Any CPU.ActiveCfg = Debug|Any CPU
		{0A41FA73-CEC4-4D09-9CEC-BD12AB96C714}.Debug|Any CPU.Build.0 = Debug|Any CPU
		{0A41FA73-CEC4-4D09-9CEC-BD12AB96C714}.Release|Any CPU.ActiveCfg = Release|Any CPU
		{0A41FA73-CEC4-4D09-9CEC-BD12AB96C714}.Release|Any CPU.Build.0 = Release|Any CPU
		{C40B9236-E544-44E2-B971-D079059C950E}.Debug|Any CPU.ActiveCfg = Debug|Any CPU
		{C40B9236-E544-44E2-B971-D079059C950E}.Debug|Any CPU.Build.0 = Debug|Any CPU
		{C40B9236-E544-44E2-B971-D079059C950E}.Release|Any CPU.ActiveCfg = Release|Any CPU
		{C40B9236-E544-44E2-B971-D079059C950E}.Release|Any CPU.Build.0 = Release|Any CPU
	EndGlobalSection
EndGlobal
