
Microsoft Visual Studio Solution File, Format Version 12.00
# Visual Studio Version 17
VisualStudioVersion = 17.0.31903.59
MinimumVisualStudioVersion = 10.0.40219.1
Project("{FAE04EC0-301F-11D3-BF4B-00C04F79EFBC}") = "Oathsunder.Simulation", "Oathsunder.Simulation\Oathsunder.Simulation.csproj", "{B8836DF8-5581-4C41-A926-2408D8C24714}"
EndProject
Project("{FAE04EC0-301F-11D3-BF4B-00C04F79EFBC}") = "Oathsunder.Simulation.Tests", "Oathsunder.Simulation.Tests\Oathsunder.Simulation.Tests.csproj", "{0CF671AA-6CC9-4AE2-AC53-806C4ECC8E1F}"
EndProject
Global
	GlobalSection(SolutionConfigurationPlatforms) = preSolution
		Debug|Any CPU = Debug|Any CPU
		Release|Any CPU = Release|Any CPU
	EndGlobalSection
	GlobalSection(SolutionProperties) = preSolution
		HideSolutionNode = FALSE
	EndGlobalSection
	GlobalSection(ProjectConfigurationPlatforms) = postSolution
		{B8836DF8-5581-4C41-A926-2408D8C24714}.Debug|Any CPU.ActiveCfg = Debug|Any CPU
		{B8836DF8-5581-4C41-A926-2408D8C24714}.Debug|Any CPU.Build.0 = Debug|Any CPU
		{B8836DF8-5581-4C41-A926-2408D8C24714}.Release|Any CPU.ActiveCfg = Release|Any CPU
		{B8836DF8-5581-4C41-A926-2408D8C24714}.Release|Any CPU.Build.0 = Release|Any CPU
		{0CF671AA-6CC9-4AE2-AC53-806C4ECC8E1F}.Debug|Any CPU.ActiveCfg = Debug|Any CPU
		{0CF671AA-6CC9-4AE2-AC53-806C4ECC8E1F}.Debug|Any CPU.Build.0 = Debug|Any CPU
		{0CF671AA-6CC9-4AE2-AC53-806C4ECC8E1F}.Release|Any CPU.ActiveCfg = Release|Any CPU
		{0CF671AA-6CC9-4AE2-AC53-806C4ECC8E1F}.Release|Any CPU.Build.0 = Release|Any CPU
	EndGlobalSection
EndGlobal
